
Microsoft Visual Studio Solution File, Format Version 12.00
# Visual Studio Version 17
VisualStudioVersion = 17.0.31903.59
MinimumVisualStudioVersion = 10.0.40219.1
Project("{9A19103F-16F7-4668-BE54-9A1E7A4F7556}") = "KickoffShop", "KickoffShop.csproj", "{BDEF82ED-C89F-46D9-8F35-E557469A1FEA}"
EndProject
Global
	GlobalSection(SolutionConfigurationPlatforms) = preSolution
		Debug|Any CPU = Debug|Any CPU
		Release|Any CPU = Release|Any CPU
	EndGlobalSection
	GlobalSection(ProjectConfigurationPlatforms) = postSolution
		{BDEF82ED-C89F-46D9-8F35-E557469A1FEA}.Debug|Any CPU.ActiveCfg = Debug|Any CPU
		{BDEF82ED-C89F-46D9-8F35-E557469A1FEA}.Debug|Any CPU.Build.0 = Debug|Any CPU
		{BDEF82ED-C89F-46D9-8F35-E557469A1FEA}.Release|Any CPU.ActiveCfg = Release|Any CPU
		{BDEF82ED-C89F-46D9-8F35-E557469A1FEA}.Release|Any CPU.Build.0 = Release|Any CPU
	EndGlobalSection
	GlobalSection(SolutionProperties) = preSolution
		HideSolutionNode = FALSE
	EndGlobalSection
EndGlobal
